<?xml version="1.0" encoding="utf-8"?>
<Project ToolsVersion="4.0" xmlns="http://schemas.microsoft.com/developer/msbuild/2003">
  <ItemGroup>
    <Filter Include="Source Files">
      <UniqueIdentifier>{4FC737F1-C7A5-4376-A066-2A32D752A2FF}</UniqueIdentifier>
      <Extensions>cpp;c;cc;cxx;def;odl;idl;hpj;bat;asm;asmx</Extensions>
    </Filter>
    <Filter Include="Header Files">
      <UniqueIdentifier>{93995380-89BD-4b04-88EB-625FBE52EBFB}</UniqueIdentifier>
      <Extensions>h;hh;hpp;hxx;hm;inl;inc;xsd</Extensions>
    </Filter>
    <Filter Include="Resource Files">
      <UniqueIdentifier>{67DA6AB6-F800-4c08-8B7A-83BB121AAD01}</UniqueIdentifier>
      <Extensions>rc;ico;cur;bmp;dlg;rc2;rct;bin;rgs;gif;jpg;jpeg;jpe;resx;tiff;tif;png;wav;mfcribbon-ms</Extensions>
    </Filter>
  </ItemGroup>
  <ItemGroup>
    <ClCompile Include="practice.cpp">
      <Filter>Source Files</Filter>
    </ClCompile>
    <ClCompile Include="Tree_traverse.cpp">
      <Filter>Source Files</Filter>
    </ClCompile>
    <ClCompile Include="Fibonacci.cpp">
      <Filter>Source Files</Filter>
    </ClCompile>
    <ClCompile Include="ClimbingStairs_m_steps.cpp">
      <Filter>Source Files</Filter>
    </ClCompile>
    <ClCompile Include="LongestIncreasingContinuousSubsequence_DP.cpp">
      <Filter>Source Files</Filter>
    </ClCompile>
    <ClCompile Include="UniquePaths.cpp">
      <Filter>Source Files</Filter>
    </ClCompile>
    <ClCompile Include="Backpack.cpp">
      <Filter>Source Files</Filter>
    </ClCompile>
    <ClCompile Include="BinaryTreeMaximumPathSum.cpp">
      <Filter>Source Files</Filter>
    </ClCompile>
    <ClCompile Include="CoinsInALineII.cpp">
      <Filter>Source Files</Filter>
    </ClCompile>
    <ClCompile Include="DecodeWays.cpp">
      <Filter>Source Files</Filter>
    </ClCompile>
    <ClCompile Include="BackpackII.cpp">
      <Filter>Source Files</Filter>
    </ClCompile>
    <ClCompile Include="DistinctSubsequences.cpp">
      <Filter>Source Files</Filter>
    </ClCompile>
    <ClCompile Include="Triangle.cpp">
      <Filter>Source Files</Filter>
    </ClCompile>
    <ClCompile Include="BalancedBinaryTree.cpp">
      <Filter>Source Files</Filter>
    </ClCompile>
    <ClCompile Include="MajorityNumber.cpp">
      <Filter>Source Files</Filter>
    </ClCompile>
    <ClCompile Include="SingleNumber.cpp">
      <Filter>Source Files</Filter>
    </ClCompile>
    <ClCompile Include="BinaryTreePaths.cpp">
      <Filter>Source Files</Filter>
    </ClCompile>
    <ClCompile Include="BinaryTreePostorderTraversal.cpp">
      <Filter>Source Files</Filter>
    </ClCompile>
    <ClCompile Include="DeleteDigits.cpp">
      <Filter>Source Files</Filter>
    </ClCompile>
    <ClCompile Include="CombinationSumII.cpp">
      <Filter>Source Files</Filter>
    </ClCompile>
    <ClCompile Include="CombinationSum.cpp">
      <Filter>Source Files</Filter>
    </ClCompile>
    <ClCompile Include="FastPower.cpp">
      <Filter>Source Files</Filter>
    </ClCompile>
    <ClCompile Include="Pow(x, n).cpp">
      <Filter>Source Files</Filter>
    </ClCompile>
    <ClCompile Include="FindMinimumInRotatedSortedArrayII.cpp">
      <Filter>Source Files</Filter>
    </ClCompile>
    <ClCompile Include="MergeKSortedLists.cpp">
      <Filter>Source Files</Filter>
    </ClCompile>
    <ClCompile Include="ValidateBinarySearchTree.cpp">
      <Filter>Source Files</Filter>
    </ClCompile>
    <ClCompile Include="BinaryTreeLevelOrderTraversal.cpp">
      <Filter>Source Files</Filter>
    </ClCompile>
    <ClCompile Include="BinaryTreeLevelOrderTraversalII.cpp">
      <Filter>Source Files</Filter>
    </ClCompile>
    <ClCompile Include="TwoSum.cpp">
      <Filter>Source Files</Filter>
    </ClCompile>
    <ClCompile Include="Median.cpp">
      <Filter>Source Files</Filter>
    </ClCompile>
    <ClCompile Include="MedianOfTwoSortedArrays.cpp">
      <Filter>Source Files</Filter>
    </ClCompile>
    <ClCompile Include="3Sum.cpp">
      <Filter>Source Files</Filter>
    </ClCompile>
    <ClCompile Include="3SumClosest.cpp">
      <Filter>Source Files</Filter>
    </ClCompile>
    <ClCompile Include="4Sum.cpp">
      <Filter>Source Files</Filter>
    </ClCompile>
    <ClCompile Include="PartitionArray.cpp">
      <Filter>Source Files</Filter>
    </ClCompile>
    <ClCompile Include="Combinations.cpp">
      <Filter>Source Files</Filter>
    </ClCompile>
    <ClCompile Include="PalindromePartitioning.cpp">
      <Filter>Source Files</Filter>
    </ClCompile>
    <ClCompile Include="O(1)CheckPowerOf2.cpp">
      <Filter>Source Files</Filter>
    </ClCompile>
    <ClCompile Include="ValidParentheses.cpp">
      <Filter>Source Files</Filter>
    </ClCompile>
    <ClCompile Include="GenerateParentheses.cpp">
      <Filter>Source Files</Filter>
    </ClCompile>
    <ClCompile Include="LetterCombinationsOfAPhoneNumber.cpp">
      <Filter>Source Files</Filter>
    </ClCompile>
    <ClCompile Include="RestoreIPAddresses.cpp">
      <Filter>Source Files</Filter>
    </ClCompile>
    <ClCompile Include="WordSearch.cpp">
      <Filter>Source Files</Filter>
    </ClCompile>
    <ClCompile Include="BackpackVI.cpp">
      <Filter>Source Files</Filter>
    </ClCompile>
    <ClCompile Include="BinaryTreeZigzagLevelOrderTraversal.cpp">
      <Filter>Source Files</Filter>
    </ClCompile>
    <ClCompile Include="CloneGraph.cpp">
      <Filter>Source Files</Filter>
    </ClCompile>
    <ClCompile Include="GraphValidTree.cpp">
      <Filter>Source Files</Filter>
    </ClCompile>
    <ClCompile Include="CloneBinaryTree.cpp">
      <Filter>Source Files</Filter>
    </ClCompile>
    <ClCompile Include="CompareStrings.cpp">
      <Filter>Source Files</Filter>
    </ClCompile>
    <ClCompile Include="ConvertSortedArraytoBinarySearchTreeWithMinimalHeight.cpp">
      <Filter>Source Files</Filter>
    </ClCompile>
    <ClCompile Include="ConvertSortedListtoBalancedBST.cpp">
      <Filter>Source Files</Filter>
    </ClCompile>
    <ClCompile Include="Count1inBinary.cpp">
      <Filter>Source Files</Filter>
    </ClCompile>
    <ClCompile Include="PerfectSquares.cpp">
      <Filter>Source Files</Filter>
    </ClCompile>
    <ClCompile Include="RouteBetweenTwoNodesinGraph.cpp">
      <Filter>Source Files</Filter>
    </ClCompile>
    <ClCompile Include="SurroundedRegions.cpp">
      <Filter>Source Files</Filter>
    </ClCompile>
    <ClCompile Include="TopologicalSorting.cpp">
      <Filter>Source Files</Filter>
    </ClCompile>
    <ClCompile Include="WordLadder.cpp">
      <Filter>Source Files</Filter>
    </ClCompile>
    <ClCompile Include="N-Queens.cpp">
      <Filter>Source Files</Filter>
    </ClCompile>
    <ClCompile Include="N-QueensII.cpp">
      <Filter>Source Files</Filter>
    </ClCompile>
    <ClCompile Include="HouseRobberIII.cpp">
      <Filter>Source Files</Filter>
    </ClCompile>
    <ClCompile Include="Permutations.cpp">
      <Filter>Source Files</Filter>
    </ClCompile>
    <ClCompile Include="PermutationsII.cpp">
      <Filter>Source Files</Filter>
    </ClCompile>
    <ClCompile Include="CountandSay.cpp">
      <Filter>Source Files</Filter>
    </ClCompile>
    <ClCompile Include="DeleteNodeintheMiddleofSinglyLinkedList.cpp">
      <Filter>Source Files</Filter>
    </ClCompile>
    <ClCompile Include="Subsets.cpp">
      <Filter>Source Files</Filter>
    </ClCompile>
    <ClCompile Include="SubsetsII.cpp">
      <Filter>Source Files</Filter>
    </ClCompile>
    <ClCompile Include="MergeIntervals.cpp">
      <Filter>Source Files</Filter>
    </ClCompile>
    <ClCompile Include="kSumII.cpp">
      <Filter>Source Files</Filter>
    </ClCompile>
    <ClCompile Include="UniqueBinarySearchTreesII.cpp">
      <Filter>Source Files</Filter>
    </ClCompile>
    <ClCompile Include="UniqueBinarySearchTrees.cpp">
      <Filter>Source Files</Filter>
    </ClCompile>
    <ClCompile Include="FlattenList.cpp">
      <Filter>Source Files</Filter>
    </ClCompile>
    <ClCompile Include="MergeTwoSortedLists.cpp">
      <Filter>Source Files</Filter>
    </ClCompile>
    <ClCompile Include="Subtree.cpp">
      <Filter>Source Files</Filter>
    </ClCompile>
    <ClCompile Include="MatrixZigzagTraversal.cpp">
      <Filter>Source Files</Filter>
    </ClCompile>
    <ClCompile Include="LongestWords.cpp">
      <Filter>Source Files</Filter>
    </ClCompile>
    <ClCompile Include="NthtoLastNodeinList.cpp">
      <Filter>Source Files</Filter>
    </ClCompile>
    <ClCompile Include="LargestNumber.cpp">
      <Filter>Source Files</Filter>
    </ClCompile>
    <ClCompile Include="FindtheMissingNumber.cpp">
      <Filter>Source Files</Filter>
    </ClCompile>
    <ClCompile Include="GrayCode.cpp">
      <Filter>Source Files</Filter>
    </ClCompile>
    <ClCompile Include="GasStation.cpp">
      <Filter>Source Files</Filter>
    </ClCompile>
    <ClCompile Include="SingleNumberIII.cpp">
      <Filter>Source Files</Filter>
    </ClCompile>
    <ClCompile Include="SingleNumberII.cpp">
      <Filter>Source Files</Filter>
    </ClCompile>
    <ClCompile Include="KthLargestElement.cpp">
      <Filter>Source Files</Filter>
    </ClCompile>
    <ClCompile Include="JumpGame.cpp">
      <Filter>Source Files</Filter>
    </ClCompile>
    <ClCompile Include="MajorityNumberII.cpp">
      <Filter>Source Files</Filter>
    </ClCompile>
    <ClCompile Include="FlipBits.cpp">
      <Filter>Source Files</Filter>
    </ClCompile>
    <ClCompile Include="MajorityNumberIII.cpp">
      <Filter>Source Files</Filter>
    </ClCompile>
    <ClCompile Include="JumpGameII.cpp">
      <Filter>Source Files</Filter>
    </ClCompile>
    <ClCompile Include="HappyNumber.cpp">
      <Filter>Source Files</Filter>
    </ClCompile>
    <ClCompile Include="IdenticalBinaryTree.cpp">
      <Filter>Source Files</Filter>
    </ClCompile>
    <ClCompile Include="MaximumSubarrayII.cpp">
      <Filter>Source Files</Filter>
    </ClCompile>
    <ClCompile Include="MaximumSubarray.cpp">
      <Filter>Source Files</Filter>
    </ClCompile>
    <ClCompile Include="MaximumSubarrayDifference.cpp">
      <Filter>Source Files</Filter>
    </ClCompile>
    <ClCompile Include="LongestCommonSubsequence.cpp">
      <Filter>Source Files</Filter>
    </ClCompile>
    <ClCompile Include="InterleavingString.cpp">
      <Filter>Source Files</Filter>
    </ClCompile>
    <ClCompile Include="AddBinary.cpp">
      <Filter>Source Files</Filter>
    </ClCompile>
    <ClCompile Include="MinimumSubarray.cpp">
      <Filter>Source Files</Filter>
    </ClCompile>
    <ClCompile Include="InvertBinaryTree.cpp">
      <Filter>Source Files</Filter>
    </ClCompile>
    <ClCompile Include="LengthofLastWord.cpp">
      <Filter>Source Files</Filter>
    </ClCompile>
    <ClCompile Include="LeftPad.cpp">
      <Filter>Source Files</Filter>
    </ClCompile>
    <ClCompile Include="IntersectionofTwoArraysII.cpp">
      <Filter>Source Files</Filter>
    </ClCompile>
    <ClCompile Include="IntersectionofTwoArrays.cpp">
      <Filter>Source Files</Filter>
    </ClCompile>
    <ClCompile Include="InsertNodeinaBinarySearchTree.cpp">
      <Filter>Source Files</Filter>
    </ClCompile>
    <ClCompile Include="InsertInterval.cpp">
      <Filter>Source Files</Filter>
    </ClCompile>
    <ClCompile Include="MinimumAdjustmentCost.cpp">
      <Filter>Source Files</Filter>
    </ClCompile>
    <ClCompile Include="EditDistance.cpp">
      <Filter>Source Files</Filter>
    </ClCompile>
    <ClCompile Include="SortIntegersII.cpp">
      <Filter>Source Files</Filter>
    </ClCompile>
    <ClCompile Include="ReversePairs.cpp">
      <Filter>Source Files</Filter>
    </ClCompile>
    <ClCompile Include="InsertionSortList.cpp">
      <Filter>Source Files</Filter>
    </ClCompile>
    <ClCompile Include="NumberofIslands.cpp">
      <Filter>Source Files</Filter>
    </ClCompile>
    <ClCompile Include="FirstPositionofTarget.cpp">
      <Filter>Source Files</Filter>
    </ClCompile>
    <ClCompile Include="SearchInsertPosition.cpp">
      <Filter>Source Files</Filter>
    </ClCompile>
    <ClCompile Include="PartitionList.cpp">
      <Filter>Source Files</Filter>
    </ClCompile>
    <ClCompile Include="PermutationIndex.cpp">
      <Filter>Source Files</Filter>
    </ClCompile>
    <ClCompile Include="ProductofArrayExcludeItself.cpp">
      <Filter>Source Files</Filter>
    </ClCompile>
    <ClCompile Include="RemoveDuplicatesfromSortedList.cpp">
      <Filter>Source Files</Filter>
    </ClCompile>
    <ClCompile Include="RemoveNthNodeFromEndofList.cpp">
      <Filter>Source Files</Filter>
    </ClCompile>
    <ClCompile Include="ReverseInteger.cpp">
      <Filter>Source Files</Filter>
    </ClCompile>
    <ClCompile Include="ReverseWordsinaString.cpp">
      <Filter>Source Files</Filter>
    </ClCompile>
    <ClCompile Include="RotateString.cpp">
      <Filter>Source Files</Filter>
    </ClCompile>
    <ClCompile Include="ReverseLinkedList.cpp">
      <Filter>Source Files</Filter>
    </ClCompile>
    <ClCompile Include="Searcha2DMatrix.cpp">
      <Filter>Source Files</Filter>
    </ClCompile>
    <ClCompile Include="Sqrt(x).cpp">
      <Filter>Source Files</Filter>
    </ClCompile>
    <ClCompile Include="SubarraySum.cpp">
      <Filter>Source Files</Filter>
    </ClCompile>
    <ClCompile Include="SwapNodesinPairs.cpp">
      <Filter>Source Files</Filter>
    </ClCompile>
    <ClCompile Include="TrailingZeros.cpp">
      <Filter>Source Files</Filter>
    </ClCompile>
    <ClCompile Include="TwoStringsAreAnagrams.cpp">
      <Filter>Source Files</Filter>
    </ClCompile>
    <ClCompile Include="UglyNumber.cpp">
      <Filter>Source Files</Filter>
    </ClCompile>
    <ClCompile Include="ValidPalindrome.cpp">
      <Filter>Source Files</Filter>
    </ClCompile>
    <ClCompile Include="ValidSudoku.cpp">
      <Filter>Source Files</Filter>
    </ClCompile>
    <ClCompile Include="Classical Binary Search.cpp">
      <Filter>Source Files</Filter>
    </ClCompile>
    <ClCompile Include="NextPermutation.cpp">
      <Filter>Source Files</Filter>
    </ClCompile>
    <ClCompile Include="PreviousPermutation.cpp">
      <Filter>Source Files</Filter>
    </ClCompile>
    <ClCompile Include="PermutationIndexII.cpp">
      <Filter>Source Files</Filter>
    </ClCompile>
  </ItemGroup>
</Project>